{
  "requires": true,
  "lockfileVersion": 1,
  "dependencies": {
    "@mateoaranda/jikanjs": {
      "version": "1.1.0",
      "resolved": "https://registry.npmjs.org/@mateoaranda/jikanjs/-/jikanjs-1.1.0.tgz",
      "integrity": "sha512-/fbeV9heM/Fai4Q66GG+UJIe4/Sp5lVpo1/IUkmkYb12LqK1QMetjQRcfk1EgviA1wNTrXjRNdpoX5q3Q9NCKQ=="
    }
  }
}
